
Microsoft Visual Studio Solution File, Format Version 12.00
# Visual Studio Version 17
VisualStudioVersion = 17.14.36616.10
MinimumVisualStudioVersion = 10.0.40219.1
Project("{FAE04EC0-301F-11D3-BF4B-00C04F79EFBC}") = "API", "API\API.csproj", "{9B225A8D-79E5-4A5F-8B0D-448CA49EEB57}"
EndProject
Project("{FAE04EC0-301F-11D3-BF4B-00C04F79EFBC}") = "Web", "Web\Web.csproj", "{0F43FF19-E098-48D1-B824-F809037B31A5}"
EndProject
Global
	GlobalSection(SolutionConfigurationPlatforms) = preSolution
		Debug|Any CPU = Debug|Any CPU
		Release|Any CPU = Release|Any CPU
	EndGlobalSection
	GlobalSection(ProjectConfigurationPlatforms) = postSolution
		{9B225A8D-79E5-4A5F-8B0D-448CA49EEB57}.Debug|Any CPU.ActiveCfg = Debug|Any CPU
		{9B225A8D-79E5-4A5F-8B0D-448CA49EEB57}.Debug|Any CPU.Build.0 = Debug|Any CPU
		{9B225A8D-79E5-4A5F-8B0D-448CA49EEB57}.Release|Any CPU.ActiveCfg = Release|Any CPU
		{9B225A8D-79E5-4A5F-8B0D-448CA49EEB57}.Release|Any CPU.Build.0 = Release|Any CPU
		{0F43FF19-E098-48D1-B824-F809037B31A5}.Debug|Any CPU.ActiveCfg = Debug|Any CPU
		{0F43FF19-E098-48D1-B824-F809037B31A5}.Debug|Any CPU.Build.0 = Debug|Any CPU
		{0F43FF19-E098-48D1-B824-F809037B31A5}.Release|Any CPU.ActiveCfg = Release|Any CPU
		{0F43FF19-E098-48D1-B824-F809037B31A5}.Release|Any CPU.Build.0 = Release|Any CPU
	EndGlobalSection
	GlobalSection(SolutionProperties) = preSolution
		HideSolutionNode = FALSE
	EndGlobalSection
	GlobalSection(ExtensibilityGlobals) = postSolution
		SolutionGuid = {E239AD4A-6BD2-4E5A-88D7-79522496E658}
	EndGlobalSection
EndGlobal
